<?xml version="1.0" encoding="utf-8"?>
<Project ToolsVersion="4.0" xmlns="http://schemas.microsoft.com/developer/msbuild/2003">
  <ItemGroup>
    <ClCompile Include="dllmain.cpp" />
    <ClCompile Include="engine.cpp" />
    <ClCompile Include="D3D\imgui\imgui.cpp">
      <Filter>d3d\imgui</Filter>
    </ClCompile>
    <ClCompile Include="D3D\imgui\imgui_draw.cpp">
      <Filter>d3d\imgui</Filter>
    </ClCompile>
    <ClCompile Include="D3D\imgui\imgui_impl_dx11.cpp">
      <Filter>d3d\imgui</Filter>
    </ClCompile>
    <ClCompile Include="D3D\renderer.cpp">
      <Filter>d3d</Filter>
    </ClCompile>
    <ClCompile Include="function.cpp" />
  </ItemGroup>
  <ItemGroup>
    <ClInclude Include="memory.hpp" />
    <ClInclude Include="engine.hpp" />
    <ClInclude Include="structure.hpp" />
    <ClInclude Include="D3D\imgui\imconfig.h">
      <Filter>d3d\imgui</Filter>
    </ClInclude>
    <ClInclude Include="D3D\imgui\imgui.h">
      <Filter>d3d\imgui</Filter>
    </ClInclude>
    <ClInclude Include="D3D\imgui\imgui_impl_dx11.h">
      <Filter>d3d\imgui</Filter>
    </ClInclude>
    <ClInclude Include="D3D\imgui\imgui_internal.h">
      <Filter>d3d\imgui</Filter>
    </ClInclude>
    <ClInclude Include="D3D\imgui\stb_rect_pack.h">
      <Filter>d3d\imgui</Filter>
    </ClInclude>
    <ClInclude Include="D3D\imgui\stb_textedit.h">
      <Filter>d3d\imgui</Filter>
    </ClInclude>
    <ClInclude Include="D3D\imgui\stb_truetype.h">
      <Filter>d3d\imgui</Filter>
    </ClInclude>
    <ClInclude Include="D3D\hooker.hpp">
      <Filter>d3d</Filter>
    </ClInclude>
    <ClInclude Include="D3D\renderer.hpp">
      <Filter>d3d</Filter>
    </ClInclude>
    <ClInclude Include="spoof.hpp" />
    <ClInclude Include="function.hpp" />
    <ClInclude Include="utils.hpp" />
    <ClInclude Include="d3d\fonts.hpp">
      <Filter>d3d</Filter>
    </ClInclude>
    <ClInclude Include="xxhash.hpp" />
  </ItemGroup>
  <ItemGroup>
    <MASM Include="spoof.asm" />
  </ItemGroup>
  <ItemGroup>
    <Filter Include="d3d">
      <UniqueIdentifier>{c6a1945b-368a-4b55-85a3-0745b594c92b}</UniqueIdentifier>
    </Filter>
    <Filter Include="d3d\imgui">
      <UniqueIdentifier>{f7d6f378-85fd-4356-b309-c41c3afd2999}</UniqueIdentifier>
    </Filter>
  </ItemGroup>
</Project>